{
  "name": "@zintrust/cloudflare-kv-proxy",
  "version": "0.4.27",
  "lockfileVersion": 3,
  "requires": true,
  "packages": {
    "": {
      "name": "@zintrust/cloudflare-kv-proxy",
      "version": "0.4.27",
      "engines": {
        "node": ">=20.0.0"
      },
      "peerDependencies": {
        "@zintrust/core": "^0.7.0"
      }
    },
    "../../dist": {
      "name": "@zintrust/core",
      "version": "^0.7.0",
      "license": "MIT",
      "peer": true,
      "dependencies": {
        "@cloudflare/containers": "^0.1.1",
        "@zintrust/workers": "^0.7.0",
        "bcryptjs": "^3.0.3",
        "bullmq": "^5.71.0",
        "chalk": "^5.6.2",
        "commander": "^14.0.3",
        "inquirer": "^13.3.2",
        "jsonwebtoken": "^9.0.3",
        "mysql2": "^3.20.0",
        "pg": "^8.20.0"
      },
      "bin": {
        "z": "bin/z.js",
        "zin": "bin/zin.js",
        "zintrust": "bin/zintrust.js",
        "zt": "bin/zt.js"
      },
      "engines": {
        "node": ">=20.0.0",
        "npm": ">=9.0.0"
      }
    },
    "node_modules/@zintrust/core": {
      "resolved": "../../dist",
      "link": true,
      "name": "@zintrust/core",
      "version": "^0.7.0"
    }
  }
}
