{
  "name": "@zintrust/mail-nodemailer",
  "version": "^0.7.0",
  "lockfileVersion": 3,
  "requires": true,
  "packages": {
    "": {
      "name": "@zintrust/mail-nodemailer",
      "version": "^0.7.0",
      "dependencies": {
        "nodemailer": "^8.0.5"
      },
      "engines": {
        "node": ">=20.0.0"
      },
      "peerDependencies": {
        "@zintrust/core": "^0.7.0"
      }
    },
    "../../dist": {
      "name": "@zintrust/core",
      "version": "^0.7.0",
      "extraneous": true,
      "license": "MIT",
      "dependencies": {
        "@cloudflare/containers": "^0.2.3",
        "bcryptjs": "^3.0.3",
        "bullmq": "^5.73.0",
        "chalk": "^5.6.2",
        "commander": "^14.0.3",
        "inquirer": "^13.4.0",
        "jsonwebtoken": "^9.0.3",
        "mysql2": "^3.20.0",
        "pg": "^8.20.0"
      },
      "bin": {
        "z": "bin/z.js",
        "zin": "bin/zin.js",
        "zintrust": "bin/zintrust.js",
        "zt": "bin/zt.js"
      },
      "engines": {
        "node": ">=20.0.0",
        "npm": ">=9.0.0"
      }
    },
    "node_modules/nodemailer": {
      "version": "8.0.5",
      "resolved": "https://registry.npmjs.org/nodemailer/-/nodemailer-8.0.5.tgz",
      "integrity": "sha512-0PF8Yb1yZuQfQbq+5/pZJrtF6WQcjTd5/S4JOHs9PGFxuTqoB/icwuB44pOdURHJbRKX1PPoJZtY7R4VUoCC8w==",
      "license": "MIT-0",
      "engines": {
        "node": ">=6.0.0"
      }
    }
  }
}
